
Microsoft Visual Studio Solution File, Format Version 12.00
# Visual Studio Version 17
VisualStudioVersion = 17.8.34511.84
MinimumVisualStudioVersion = 10.0.40219.1
Project("{9A19103F-16F7-4668-BE54-9A1E7A4F7556}") = "PluginTest", "PluginTest\PluginTest.csproj", "{2C4E8E92-74EB-4F6B-9F2A-D11DE0D29828}"
EndProject
Project("{FAE04EC0-301F-11D3-BF4B-00C04F79EFBC}") = "a7800", "a7800\a7800.csproj", "{53748C60-6BA7-4EAF-8FA4-A305C0FE2D2D}"
EndProject
Project("{FAE04EC0-301F-11D3-BF4B-00C04F79EFBC}") = "gbx", "gbx\gbx.csproj", "{7E4FAE61-25DC-48E1-A68A-1E91D9E1B62E}"
EndProject
Project("{FAE04EC0-301F-11D3-BF4B-00C04F79EFBC}") = "SegaGenesis", "SegaGenesis\SegaGenesis.csproj", "{0A1474EF-EC6E-48D5-AD5C-BCE20553D058}"
EndProject
Project("{FAE04EC0-301F-11D3-BF4B-00C04F79EFBC}") = "nes", "nes\nes.csproj", "{67C4374E-9839-4E72-B2D6-0DA8ED18808C}"
EndProject
Project("{FAE04EC0-301F-11D3-BF4B-00C04F79EFBC}") = "PluginLib", "PluginLib\PluginLib.csproj", "{EA51C7E7-8CA0-4813-BB75-82FE59B0E173}"
EndProject
Project("{FAE04EC0-301F-11D3-BF4B-00C04F79EFBC}") = "fds", "fds\fds.csproj", "{14F1C6BB-7E27-4A0A-87AA-D8C300967239}"
EndProject
Project("{FAE04EC0-301F-11D3-BF4B-00C04F79EFBC}") = "Lynx", "Lynx\Lynx.csproj", "{3E715E1C-9A5B-455E-9DDF-E7AAA404A02C}"
EndProject
Project("{FAE04EC0-301F-11D3-BF4B-00C04F79EFBC}") = "N64", "N64\N64.csproj", "{0B92E955-2442-4AB0-AEF3-6FB5BCA0690E}"
EndProject
Project("{FAE04EC0-301F-11D3-BF4B-00C04F79EFBC}") = "PcEngine", "PcEngine\PcEngine.csproj", "{9079AE37-E98B-4295-B646-A4E402DC08F4}"
EndProject
Project("{FAE04EC0-301F-11D3-BF4B-00C04F79EFBC}") = "sms", "sms\sms.csproj", "{457D7351-2C84-44A4-8A37-A42055DC1CEA}"
EndProject
Project("{FAE04EC0-301F-11D3-BF4B-00C04F79EFBC}") = "snes", "snes\snes.csproj", "{8839D498-28A5-4B96-9A63-9667FDFEFCFD}"
EndProject
Global
	GlobalSection(SolutionConfigurationPlatforms) = preSolution
		Debug|Any CPU = Debug|Any CPU
		Release|Any CPU = Release|Any CPU
	EndGlobalSection
	GlobalSection(ProjectConfigurationPlatforms) = postSolution
		{2C4E8E92-74EB-4F6B-9F2A-D11DE0D29828}.Debug|Any CPU.ActiveCfg = Debug|Any CPU
		{2C4E8E92-74EB-4F6B-9F2A-D11DE0D29828}.Debug|Any CPU.Build.0 = Debug|Any CPU
		{2C4E8E92-74EB-4F6B-9F2A-D11DE0D29828}.Release|Any CPU.ActiveCfg = Release|Any CPU
		{2C4E8E92-74EB-4F6B-9F2A-D11DE0D29828}.Release|Any CPU.Build.0 = Release|Any CPU
		{53748C60-6BA7-4EAF-8FA4-A305C0FE2D2D}.Debug|Any CPU.ActiveCfg = Debug|Any CPU
		{53748C60-6BA7-4EAF-8FA4-A305C0FE2D2D}.Debug|Any CPU.Build.0 = Debug|Any CPU
		{53748C60-6BA7-4EAF-8FA4-A305C0FE2D2D}.Release|Any CPU.ActiveCfg = Release|Any CPU
		{53748C60-6BA7-4EAF-8FA4-A305C0FE2D2D}.Release|Any CPU.Build.0 = Release|Any CPU
		{7E4FAE61-25DC-48E1-A68A-1E91D9E1B62E}.Debug|Any CPU.ActiveCfg = Debug|Any CPU
		{7E4FAE61-25DC-48E1-A68A-1E91D9E1B62E}.Debug|Any CPU.Build.0 = Debug|Any CPU
		{7E4FAE61-25DC-48E1-A68A-1E91D9E1B62E}.Release|Any CPU.ActiveCfg = Release|Any CPU
		{7E4FAE61-25DC-48E1-A68A-1E91D9E1B62E}.Release|Any CPU.Build.0 = Release|Any CPU
		{0A1474EF-EC6E-48D5-AD5C-BCE20553D058}.Debug|Any CPU.ActiveCfg = Debug|Any CPU
		{0A1474EF-EC6E-48D5-AD5C-BCE20553D058}.Debug|Any CPU.Build.0 = Debug|Any CPU
		{0A1474EF-EC6E-48D5-AD5C-BCE20553D058}.Release|Any CPU.ActiveCfg = Release|Any CPU
		{0A1474EF-EC6E-48D5-AD5C-BCE20553D058}.Release|Any CPU.Build.0 = Release|Any CPU
		{67C4374E-9839-4E72-B2D6-0DA8ED18808C}.Debug|Any CPU.ActiveCfg = Debug|Any CPU
		{67C4374E-9839-4E72-B2D6-0DA8ED18808C}.Debug|Any CPU.Build.0 = Debug|Any CPU
		{67C4374E-9839-4E72-B2D6-0DA8ED18808C}.Release|Any CPU.ActiveCfg = Release|Any CPU
		{67C4374E-9839-4E72-B2D6-0DA8ED18808C}.Release|Any CPU.Build.0 = Release|Any CPU
		{EA51C7E7-8CA0-4813-BB75-82FE59B0E173}.Debug|Any CPU.ActiveCfg = Debug|Any CPU
		{EA51C7E7-8CA0-4813-BB75-82FE59B0E173}.Debug|Any CPU.Build.0 = Debug|Any CPU
		{EA51C7E7-8CA0-4813-BB75-82FE59B0E173}.Release|Any CPU.ActiveCfg = Release|Any CPU
		{EA51C7E7-8CA0-4813-BB75-82FE59B0E173}.Release|Any CPU.Build.0 = Release|Any CPU
		{14F1C6BB-7E27-4A0A-87AA-D8C300967239}.Debug|Any CPU.ActiveCfg = Debug|Any CPU
		{14F1C6BB-7E27-4A0A-87AA-D8C300967239}.Debug|Any CPU.Build.0 = Debug|Any CPU
		{14F1C6BB-7E27-4A0A-87AA-D8C300967239}.Release|Any CPU.ActiveCfg = Release|Any CPU
		{14F1C6BB-7E27-4A0A-87AA-D8C300967239}.Release|Any CPU.Build.0 = Release|Any CPU
		{3E715E1C-9A5B-455E-9DDF-E7AAA404A02C}.Debug|Any CPU.ActiveCfg = Debug|Any CPU
		{3E715E1C-9A5B-455E-9DDF-E7AAA404A02C}.Debug|Any CPU.Build.0 = Debug|Any CPU
		{3E715E1C-9A5B-455E-9DDF-E7AAA404A02C}.Release|Any CPU.ActiveCfg = Release|Any CPU
		{3E715E1C-9A5B-455E-9DDF-E7AAA404A02C}.Release|Any CPU.Build.0 = Release|Any CPU
		{0B92E955-2442-4AB0-AEF3-6FB5BCA0690E}.Debug|Any CPU.ActiveCfg = Debug|Any CPU
		{0B92E955-2442-4AB0-AEF3-6FB5BCA0690E}.Debug|Any CPU.Build.0 = Debug|Any CPU
		{0B92E955-2442-4AB0-AEF3-6FB5BCA0690E}.Release|Any CPU.ActiveCfg = Release|Any CPU
		{0B92E955-2442-4AB0-AEF3-6FB5BCA0690E}.Release|Any CPU.Build.0 = Release|Any CPU
		{9079AE37-E98B-4295-B646-A4E402DC08F4}.Debug|Any CPU.ActiveCfg = Debug|Any CPU
		{9079AE37-E98B-4295-B646-A4E402DC08F4}.Debug|Any CPU.Build.0 = Debug|Any CPU
		{9079AE37-E98B-4295-B646-A4E402DC08F4}.Release|Any CPU.ActiveCfg = Release|Any CPU
		{9079AE37-E98B-4295-B646-A4E402DC08F4}.Release|Any CPU.Build.0 = Release|Any CPU
		{457D7351-2C84-44A4-8A37-A42055DC1CEA}.Debug|Any CPU.ActiveCfg = Debug|Any CPU
		{457D7351-2C84-44A4-8A37-A42055DC1CEA}.Debug|Any CPU.Build.0 = Debug|Any CPU
		{457D7351-2C84-44A4-8A37-A42055DC1CEA}.Release|Any CPU.ActiveCfg = Release|Any CPU
		{457D7351-2C84-44A4-8A37-A42055DC1CEA}.Release|Any CPU.Build.0 = Release|Any CPU
		{8839D498-28A5-4B96-9A63-9667FDFEFCFD}.Debug|Any CPU.ActiveCfg = Debug|Any CPU
		{8839D498-28A5-4B96-9A63-9667FDFEFCFD}.Debug|Any CPU.Build.0 = Debug|Any CPU
		{8839D498-28A5-4B96-9A63-9667FDFEFCFD}.Release|Any CPU.ActiveCfg = Release|Any CPU
		{8839D498-28A5-4B96-9A63-9667FDFEFCFD}.Release|Any CPU.Build.0 = Release|Any CPU
	EndGlobalSection
	GlobalSection(SolutionProperties) = preSolution
		HideSolutionNode = FALSE
	EndGlobalSection
	GlobalSection(ExtensibilityGlobals) = postSolution
		SolutionGuid = {D0DEA2C7-3BC1-4004-B402-8599B7B87E79}
	EndGlobalSection
EndGlobal
